
Microsoft Visual Studio Solution File, Format Version 12.00
# Visual Studio 15
VisualStudioVersion = 15.0.26124.0
MinimumVisualStudioVersion = 15.0.26124.0
Project("{FAE04EC0-301F-11D3-BF4B-00C04F79EFBC}") = "EstanteVirtual.Api", "EstanteVirtual.Api\EstanteVirtual.Api.csproj", "{5B434C45-639B-43E1-9DD0-6D03945A8C00}"
EndProject
Project("{2150E333-8FDC-42A3-9474-1A3956D46DE8}") = "Api", "Api", "{C1602D4B-F6C3-454D-8EAA-9572601C36D5}"
EndProject
Project("{2150E333-8FDC-42A3-9474-1A3956D46DE8}") = "Repository", "Repository", "{47DBD567-402B-454A-ABEB-AB8B58200E49}"
EndProject
Project("{2150E333-8FDC-42A3-9474-1A3956D46DE8}") = "Domain", "Domain", "{559AF9AB-1F56-46DD-AAC6-6419697932F8}"
EndProject
Project("{FAE04EC0-301F-11D3-BF4B-00C04F79EFBC}") = "EstanteVirtual.Model", "EstanteVirtual.Model\EstanteVirtual.Model.csproj", "{8FA6E109-071C-41D6-A47C-3D109ADC5111}"
EndProject
Project("{2150E333-8FDC-42A3-9474-1A3956D46DE8}") = "Shared", "Shared", "{1D302BD7-286C-4655-85E6-B5A007C5D6B6}"
EndProject
Project("{FAE04EC0-301F-11D3-BF4B-00C04F79EFBC}") = "EstanteVirtual.Shared", "EstanteVirtual.Shared\EstanteVirtual.Shared.csproj", "{A4C37A1D-E1CE-40D6-8E5B-EBA41C4E0569}"
EndProject
Project("{FAE04EC0-301F-11D3-BF4B-00C04F79EFBC}") = "EstanteVirtual.Repository", "EstanteVirtual.Repository\EstanteVirtual.Repository.csproj", "{766A3178-7976-41A4-B46C-9E56C3508E35}"
EndProject
Project("{2150E333-8FDC-42A3-9474-1A3956D46DE8}") = "Test", "Test", "{6F133608-2A17-4536-87A6-4F2CE105CEE7}"
EndProject
Project("{FAE04EC0-301F-11D3-BF4B-00C04F79EFBC}") = "EstanteVirtual.Test", "EstanteVirtual.Test\EstanteVirtual.Test.csproj", "{D2A81150-121B-4B59-B8B2-FB0EA338E9DC}"
EndProject
Project("{FAE04EC0-301F-11D3-BF4B-00C04F79EFBC}") = "EstanteVirtual.Bo", "EstanteVirtual.Bo\EstanteVirtual.Bo.csproj", "{C0DC035B-B72C-4ACA-8D02-22F2D94C648D}"
EndProject
Global
	GlobalSection(SolutionConfigurationPlatforms) = preSolution
		Debug|Any CPU = Debug|Any CPU
		Debug|x64 = Debug|x64
		Debug|x86 = Debug|x86
		Release|Any CPU = Release|Any CPU
		Release|x64 = Release|x64
		Release|x86 = Release|x86
	EndGlobalSection
	GlobalSection(SolutionProperties) = preSolution
		HideSolutionNode = FALSE
	EndGlobalSection
	GlobalSection(ProjectConfigurationPlatforms) = postSolution
		{5B434C45-639B-43E1-9DD0-6D03945A8C00}.Debug|Any CPU.ActiveCfg = Debug|Any CPU
		{5B434C45-639B-43E1-9DD0-6D03945A8C00}.Debug|Any CPU.Build.0 = Debug|Any CPU
		{5B434C45-639B-43E1-9DD0-6D03945A8C00}.Debug|x64.ActiveCfg = Debug|Any CPU
		{5B434C45-639B-43E1-9DD0-6D03945A8C00}.Debug|x64.Build.0 = Debug|Any CPU
		{5B434C45-639B-43E1-9DD0-6D03945A8C00}.Debug|x86.ActiveCfg = Debug|Any CPU
		{5B434C45-639B-43E1-9DD0-6D03945A8C00}.Debug|x86.Build.0 = Debug|Any CPU
		{5B434C45-639B-43E1-9DD0-6D03945A8C00}.Release|Any CPU.ActiveCfg = Release|Any CPU
		{5B434C45-639B-43E1-9DD0-6D03945A8C00}.Release|Any CPU.Build.0 = Release|Any CPU
		{5B434C45-639B-43E1-9DD0-6D03945A8C00}.Release|x64.ActiveCfg = Release|Any CPU
		{5B434C45-639B-43E1-9DD0-6D03945A8C00}.Release|x64.Build.0 = Release|Any CPU
		{5B434C45-639B-43E1-9DD0-6D03945A8C00}.Release|x86.ActiveCfg = Release|Any CPU
		{5B434C45-639B-43E1-9DD0-6D03945A8C00}.Release|x86.Build.0 = Release|Any CPU
		{8FA6E109-071C-41D6-A47C-3D109ADC5111}.Debug|Any CPU.ActiveCfg = Debug|Any CPU
		{8FA6E109-071C-41D6-A47C-3D109ADC5111}.Debug|Any CPU.Build.0 = Debug|Any CPU
		{8FA6E109-071C-41D6-A47C-3D109ADC5111}.Debug|x64.ActiveCfg = Debug|Any CPU
		{8FA6E109-071C-41D6-A47C-3D109ADC5111}.Debug|x64.Build.0 = Debug|Any CPU
		{8FA6E109-071C-41D6-A47C-3D109ADC5111}.Debug|x86.ActiveCfg = Debug|Any CPU
		{8FA6E109-071C-41D6-A47C-3D109ADC5111}.Debug|x86.Build.0 = Debug|Any CPU
		{8FA6E109-071C-41D6-A47C-3D109ADC5111}.Release|Any CPU.ActiveCfg = Release|Any CPU
		{8FA6E109-071C-41D6-A47C-3D109ADC5111}.Release|Any CPU.Build.0 = Release|Any CPU
		{8FA6E109-071C-41D6-A47C-3D109ADC5111}.Release|x64.ActiveCfg = Release|Any CPU
		{8FA6E109-071C-41D6-A47C-3D109ADC5111}.Release|x64.Build.0 = Release|Any CPU
		{8FA6E109-071C-41D6-A47C-3D109ADC5111}.Release|x86.ActiveCfg = Release|Any CPU
		{8FA6E109-071C-41D6-A47C-3D109ADC5111}.Release|x86.Build.0 = Release|Any CPU
		{A4C37A1D-E1CE-40D6-8E5B-EBA41C4E0569}.Debug|Any CPU.ActiveCfg = Debug|Any CPU
		{A4C37A1D-E1CE-40D6-8E5B-EBA41C4E0569}.Debug|Any CPU.Build.0 = Debug|Any CPU
		{A4C37A1D-E1CE-40D6-8E5B-EBA41C4E0569}.Debug|x64.ActiveCfg = Debug|Any CPU
		{A4C37A1D-E1CE-40D6-8E5B-EBA41C4E0569}.Debug|x64.Build.0 = Debug|Any CPU
		{A4C37A1D-E1CE-40D6-8E5B-EBA41C4E0569}.Debug|x86.ActiveCfg = Debug|Any CPU
		{A4C37A1D-E1CE-40D6-8E5B-EBA41C4E0569}.Debug|x86.Build.0 = Debug|Any CPU
		{A4C37A1D-E1CE-40D6-8E5B-EBA41C4E0569}.Release|Any CPU.ActiveCfg = Release|Any CPU
		{A4C37A1D-E1CE-40D6-8E5B-EBA41C4E0569}.Release|Any CPU.Build.0 = Release|Any CPU
		{A4C37A1D-E1CE-40D6-8E5B-EBA41C4E0569}.Release|x64.ActiveCfg = Release|Any CPU
		{A4C37A1D-E1CE-40D6-8E5B-EBA41C4E0569}.Release|x64.Build.0 = Release|Any CPU
		{A4C37A1D-E1CE-40D6-8E5B-EBA41C4E0569}.Release|x86.ActiveCfg = Release|Any CPU
		{A4C37A1D-E1CE-40D6-8E5B-EBA41C4E0569}.Release|x86.Build.0 = Release|Any CPU
		{766A3178-7976-41A4-B46C-9E56C3508E35}.Debug|Any CPU.ActiveCfg = Debug|Any CPU
		{766A3178-7976-41A4-B46C-9E56C3508E35}.Debug|Any CPU.Build.0 = Debug|Any CPU
		{766A3178-7976-41A4-B46C-9E56C3508E35}.Debug|x64.ActiveCfg = Debug|Any CPU
		{766A3178-7976-41A4-B46C-9E56C3508E35}.Debug|x64.Build.0 = Debug|Any CPU
		{766A3178-7976-41A4-B46C-9E56C3508E35}.Debug|x86.ActiveCfg = Debug|Any CPU
		{766A3178-7976-41A4-B46C-9E56C3508E35}.Debug|x86.Build.0 = Debug|Any CPU
		{766A3178-7976-41A4-B46C-9E56C3508E35}.Release|Any CPU.ActiveCfg = Release|Any CPU
		{766A3178-7976-41A4-B46C-9E56C3508E35}.Release|Any CPU.Build.0 = Release|Any CPU
		{766A3178-7976-41A4-B46C-9E56C3508E35}.Release|x64.ActiveCfg = Release|Any CPU
		{766A3178-7976-41A4-B46C-9E56C3508E35}.Release|x64.Build.0 = Release|Any CPU
		{766A3178-7976-41A4-B46C-9E56C3508E35}.Release|x86.ActiveCfg = Release|Any CPU
		{766A3178-7976-41A4-B46C-9E56C3508E35}.Release|x86.Build.0 = Release|Any CPU
		{D2A81150-121B-4B59-B8B2-FB0EA338E9DC}.Debug|Any CPU.ActiveCfg = Debug|Any CPU
		{D2A81150-121B-4B59-B8B2-FB0EA338E9DC}.Debug|Any CPU.Build.0 = Debug|Any CPU
		{D2A81150-121B-4B59-B8B2-FB0EA338E9DC}.Debug|x64.ActiveCfg = Debug|Any CPU
		{D2A81150-121B-4B59-B8B2-FB0EA338E9DC}.Debug|x64.Build.0 = Debug|Any CPU
		{D2A81150-121B-4B59-B8B2-FB0EA338E9DC}.Debug|x86.ActiveCfg = Debug|Any CPU
		{D2A81150-121B-4B59-B8B2-FB0EA338E9DC}.Debug|x86.Build.0 = Debug|Any CPU
		{D2A81150-121B-4B59-B8B2-FB0EA338E9DC}.Release|Any CPU.ActiveCfg = Release|Any CPU
		{D2A81150-121B-4B59-B8B2-FB0EA338E9DC}.Release|Any CPU.Build.0 = Release|Any CPU
		{D2A81150-121B-4B59-B8B2-FB0EA338E9DC}.Release|x64.ActiveCfg = Release|Any CPU
		{D2A81150-121B-4B59-B8B2-FB0EA338E9DC}.Release|x64.Build.0 = Release|Any CPU
		{D2A81150-121B-4B59-B8B2-FB0EA338E9DC}.Release|x86.ActiveCfg = Release|Any CPU
		{D2A81150-121B-4B59-B8B2-FB0EA338E9DC}.Release|x86.Build.0 = Release|Any CPU
		{C0DC035B-B72C-4ACA-8D02-22F2D94C648D}.Debug|Any CPU.ActiveCfg = Debug|Any CPU
		{C0DC035B-B72C-4ACA-8D02-22F2D94C648D}.Debug|Any CPU.Build.0 = Debug|Any CPU
		{C0DC035B-B72C-4ACA-8D02-22F2D94C648D}.Debug|x64.ActiveCfg = Debug|Any CPU
		{C0DC035B-B72C-4ACA-8D02-22F2D94C648D}.Debug|x64.Build.0 = Debug|Any CPU
		{C0DC035B-B72C-4ACA-8D02-22F2D94C648D}.Debug|x86.ActiveCfg = Debug|Any CPU
		{C0DC035B-B72C-4ACA-8D02-22F2D94C648D}.Debug|x86.Build.0 = Debug|Any CPU
		{C0DC035B-B72C-4ACA-8D02-22F2D94C648D}.Release|Any CPU.ActiveCfg = Release|Any CPU
		{C0DC035B-B72C-4ACA-8D02-22F2D94C648D}.Release|Any CPU.Build.0 = Release|Any CPU
		{C0DC035B-B72C-4ACA-8D02-22F2D94C648D}.Release|x64.ActiveCfg = Release|Any CPU
		{C0DC035B-B72C-4ACA-8D02-22F2D94C648D}.Release|x64.Build.0 = Release|Any CPU
		{C0DC035B-B72C-4ACA-8D02-22F2D94C648D}.Release|x86.ActiveCfg = Release|Any CPU
		{C0DC035B-B72C-4ACA-8D02-22F2D94C648D}.Release|x86.Build.0 = Release|Any CPU
	EndGlobalSection
	GlobalSection(NestedProjects) = preSolution
		{5B434C45-639B-43E1-9DD0-6D03945A8C00} = {C1602D4B-F6C3-454D-8EAA-9572601C36D5}
		{8FA6E109-071C-41D6-A47C-3D109ADC5111} = {559AF9AB-1F56-46DD-AAC6-6419697932F8}
		{A4C37A1D-E1CE-40D6-8E5B-EBA41C4E0569} = {1D302BD7-286C-4655-85E6-B5A007C5D6B6}
		{766A3178-7976-41A4-B46C-9E56C3508E35} = {47DBD567-402B-454A-ABEB-AB8B58200E49}
		{D2A81150-121B-4B59-B8B2-FB0EA338E9DC} = {6F133608-2A17-4536-87A6-4F2CE105CEE7}
		{C0DC035B-B72C-4ACA-8D02-22F2D94C648D} = {559AF9AB-1F56-46DD-AAC6-6419697932F8}
	EndGlobalSection
EndGlobal
